
Microsoft Visual Studio Solution File, Format Version 12.00
# Visual Studio 15
VisualStudioVersion = 15.0.26228.4
MinimumVisualStudioVersion = 10.0.40219.1
Project("{FAE04EC0-301F-11D3-BF4B-00C04F79EFBC}") = "Ecat.WebApp", "Ecat.WebApp\Ecat.WebApp.csproj", "{D2C12660-9C64-48DE-A9F9-DB0402905CAA}"
EndProject
Project("{FAE04EC0-301F-11D3-BF4B-00C04F79EFBC}") = "Ecat.DataLib", "Ecat.DataLib\Ecat.DataLib.csproj", "{89CC80BA-7BC7-48F6-9388-55ED60E39049}"
EndProject
Global
	GlobalSection(SolutionConfigurationPlatforms) = preSolution
		Debug|Any CPU = Debug|Any CPU
		Release|Any CPU = Release|Any CPU
	EndGlobalSection
	GlobalSection(ProjectConfigurationPlatforms) = postSolution
		{D2C12660-9C64-48DE-A9F9-DB0402905CAA}.Debug|Any CPU.ActiveCfg = Debug|Any CPU
		{D2C12660-9C64-48DE-A9F9-DB0402905CAA}.Debug|Any CPU.Build.0 = Debug|Any CPU
		{D2C12660-9C64-48DE-A9F9-DB0402905CAA}.Release|Any CPU.ActiveCfg = Release|Any CPU
		{D2C12660-9C64-48DE-A9F9-DB0402905CAA}.Release|Any CPU.Build.0 = Release|Any CPU
		{89CC80BA-7BC7-48F6-9388-55ED60E39049}.Debug|Any CPU.ActiveCfg = Debug|Any CPU
		{89CC80BA-7BC7-48F6-9388-55ED60E39049}.Debug|Any CPU.Build.0 = Debug|Any CPU
		{89CC80BA-7BC7-48F6-9388-55ED60E39049}.Release|Any CPU.ActiveCfg = Release|Any CPU
		{89CC80BA-7BC7-48F6-9388-55ED60E39049}.Release|Any CPU.Build.0 = Release|Any CPU
	EndGlobalSection
	GlobalSection(SolutionProperties) = preSolution
		HideSolutionNode = FALSE
	EndGlobalSection
EndGlobal
